
Microsoft Visual Studio Solution File, Format Version 12.00
# Visual Studio Version 17
VisualStudioVersion = 17.11.35312.102
MinimumVisualStudioVersion = 10.0.40219.1
Project("{9A19103F-16F7-4668-BE54-9A1E7A4F7556}") = "Diomgis.TaskPlanner.Domain.Models", "..\Diomgis.TaskPlanner.Domain.Models\Diomgis.TaskPlanner.Domain.Models\Diomgis.TaskPlanner.Domain.Models.csproj", "{3E991209-7DD5-4EC4-9EBC-FFA01E1AB38F}"
EndProject
Project("{9A19103F-16F7-4668-BE54-9A1E7A4F7556}") = "Diomgis.TaskPlanner.Domain.Logic", "..\Diomgis.TaskPlanner.Domain.Logic\Diomgis.TaskPlanner.Domain.Logic\Diomgis.TaskPlanner.Domain.Logic.csproj", "{A4E564C6-D94C-49F1-BCA3-180C3ED5CAB7}"
EndProject
Project("{9A19103F-16F7-4668-BE54-9A1E7A4F7556}") = "Diomgis.TaskPlanner.ConsoleRunner", "Diomgis.TaskPlanner.ConsoleRunner\Diomgis.TaskPlanner.ConsoleRunner.csproj", "{68F9D1E4-C08A-4FDC-B427-50FC87BE5051}"
EndProject
Global
	GlobalSection(SolutionConfigurationPlatforms) = preSolution
		Debug|Any CPU = Debug|Any CPU
		Release|Any CPU = Release|Any CPU
	EndGlobalSection
	GlobalSection(ProjectConfigurationPlatforms) = postSolution
		{3E991209-7DD5-4EC4-9EBC-FFA01E1AB38F}.Debug|Any CPU.ActiveCfg = Debug|Any CPU
		{3E991209-7DD5-4EC4-9EBC-FFA01E1AB38F}.Debug|Any CPU.Build.0 = Debug|Any CPU
		{3E991209-7DD5-4EC4-9EBC-FFA01E1AB38F}.Release|Any CPU.ActiveCfg = Release|Any CPU
		{3E991209-7DD5-4EC4-9EBC-FFA01E1AB38F}.Release|Any CPU.Build.0 = Release|Any CPU
		{A4E564C6-D94C-49F1-BCA3-180C3ED5CAB7}.Debug|Any CPU.ActiveCfg = Debug|Any CPU
		{A4E564C6-D94C-49F1-BCA3-180C3ED5CAB7}.Debug|Any CPU.Build.0 = Debug|Any CPU
		{A4E564C6-D94C-49F1-BCA3-180C3ED5CAB7}.Release|Any CPU.ActiveCfg = Release|Any CPU
		{A4E564C6-D94C-49F1-BCA3-180C3ED5CAB7}.Release|Any CPU.Build.0 = Release|Any CPU
		{68F9D1E4-C08A-4FDC-B427-50FC87BE5051}.Debug|Any CPU.ActiveCfg = Debug|Any CPU
		{68F9D1E4-C08A-4FDC-B427-50FC87BE5051}.Debug|Any CPU.Build.0 = Debug|Any CPU
		{68F9D1E4-C08A-4FDC-B427-50FC87BE5051}.Release|Any CPU.ActiveCfg = Release|Any CPU
		{68F9D1E4-C08A-4FDC-B427-50FC87BE5051}.Release|Any CPU.Build.0 = Release|Any CPU
	EndGlobalSection
	GlobalSection(SolutionProperties) = preSolution
		HideSolutionNode = FALSE
	EndGlobalSection
	GlobalSection(ExtensibilityGlobals) = postSolution
		SolutionGuid = {E4012C66-599C-4E33-A00F-93FB3CF39100}
	EndGlobalSection
EndGlobal
